<?xml version="1.0" encoding="utf-8"?>
<Project ToolsVersion="4.0" xmlns="http://schemas.microsoft.com/developer/msbuild/2003">
  <ItemGroup>
    <Filter Include="Source Files">
      <UniqueIdentifier>{4FC737F1-C7A5-4376-A066-2A32D752A2FF}</UniqueIdentifier>
      <Extensions>cpp;c;cc;cxx;def;odl;idl;hpj;bat;asm;asmx</Extensions>
    </Filter>
    <Filter Include="Header Files">
      <UniqueIdentifier>{93995380-89BD-4b04-88EB-625FBE52EBFB}</UniqueIdentifier>
      <Extensions>h;hpp;hxx;hm;inl;inc;xsd</Extensions>
    </Filter>
    <Filter Include="Resource Files">
      <UniqueIdentifier>{67DA6AB6-F800-4c08-8B7A-83BB121AAD01}</UniqueIdentifier>
      <Extensions>rc;ico;cur;bmp;dlg;rc2;rct;bin;rgs;gif;jpg;jpeg;jpe;resx;tiff;tif;png;wav</Extensions>
    </Filter>
    <Filter Include="Sprites">
      <UniqueIdentifier>{1856c5d1-807a-446d-940d-5f29b7e6e60c}</UniqueIdentifier>
    </Filter>
    <Filter Include="Static">
      <UniqueIdentifier>{161ceb44-3331-417d-9cf2-979d9fac28da}</UniqueIdentifier>
    </Filter>
    <Filter Include="Static\Headers">
      <UniqueIdentifier>{d3669781-8eec-4340-a240-cb8701c2e22a}</UniqueIdentifier>
    </Filter>
    <Filter Include="Static\Source">
      <UniqueIdentifier>{52863c92-2120-49d4-a2bb-b6ec109c830f}</UniqueIdentifier>
    </Filter>
    <Filter Include="Sprites\Abstract">
      <UniqueIdentifier>{0a512d2c-14a0-4ae2-9caf-5b495250ceba}</UniqueIdentifier>
    </Filter>
    <Filter Include="Sprites\Abstract\Headers">
      <UniqueIdentifier>{b2e16094-db24-445f-9796-8a4fc635ab83}</UniqueIdentifier>
    </Filter>
    <Filter Include="Sprites\Abstract\Source">
      <UniqueIdentifier>{bd00ee45-bf84-4232-8610-56c2b797b741}</UniqueIdentifier>
    </Filter>
    <Filter Include="Sprites\Final">
      <UniqueIdentifier>{ab22168f-de8f-4ef5-97fb-8f40dd4afafc}</UniqueIdentifier>
    </Filter>
    <Filter Include="Sprites\Final\Headers">
      <UniqueIdentifier>{245c40fb-c4de-4bef-8d39-a6b19d502e38}</UniqueIdentifier>
    </Filter>
    <Filter Include="Sprites\Final\Source">
      <UniqueIdentifier>{41a477ee-70a7-4ad5-8638-5faeb1e70b83}</UniqueIdentifier>
    </Filter>
  </ItemGroup>
  <ItemGroup>
    <ClCompile Include="main.cpp">
      <Filter>Source Files</Filter>
    </ClCompile>
    <ClCompile Include="DrawUtils.cpp">
      <Filter>Source Files</Filter>
    </ClCompile>
    <ClCompile Include="Camera.cpp">
      <Filter>Source Files</Filter>
    </ClCompile>
    <ClCompile Include="TileLevel.cpp">
      <Filter>Source Files</Filter>
    </ClCompile>
    <ClCompile Include="AnimationData.cpp">
      <Filter>Source Files</Filter>
    </ClCompile>
    <ClCompile Include="Animation.cpp">
      <Filter>Source Files</Filter>
    </ClCompile>
    <ClCompile Include="AnimationFrame.cpp">
      <Filter>Source Files</Filter>
    </ClCompile>
    <ClCompile Include="AABB.cpp">
      <Filter>Source Files</Filter>
    </ClCompile>
    <ClCompile Include="Event.cpp">
      <Filter>Source Files</Filter>
    </ClCompile>
    <ClCompile Include="EventQueue.cpp">
      <Filter>Source Files</Filter>
    </ClCompile>
    <ClCompile Include="Audio.cpp">
      <Filter>Source Files</Filter>
    </ClCompile>
    <ClCompile Include="Texture.cpp">
      <Filter>Source Files</Filter>
    </ClCompile>
    <ClCompile Include="Font.cpp">
      <Filter>Source Files</Filter>
    </ClCompile>
    <ClCompile Include="DialogManager.cpp">
      <Filter>Source Files</Filter>
    </ClCompile>
    <ClCompile Include="Menu.cpp">
      <Filter>Source Files</Filter>
    </ClCompile>
    <ClCompile Include="MapEventHandler.cpp">
      <Filter>Source Files</Filter>
    </ClCompile>
    <ClCompile Include="DialogContainer.cpp">
      <Filter>Source Files</Filter>
    </ClCompile>
    <ClCompile Include="battleManager.cpp">
      <Filter>Static\Source</Filter>
    </ClCompile>
    <ClCompile Include="bucketManager.cpp">
      <Filter>Static\Source</Filter>
    </ClCompile>
    <ClCompile Include="enemyManager.cpp">
      <Filter>Static\Source</Filter>
    </ClCompile>
    <ClCompile Include="levelLoader.cpp">
      <Filter>Static\Source</Filter>
    </ClCompile>
    <ClCompile Include="player.cpp">
      <Filter>Static\Source</Filter>
    </ClCompile>
    <ClCompile Include="spriteManager.cpp">
      <Filter>Static\Source</Filter>
    </ClCompile>
    <ClCompile Include="textureLoader.cpp">
      <Filter>Static\Source</Filter>
    </ClCompile>
    <ClCompile Include="tileLoader.cpp">
      <Filter>Static\Source</Filter>
    </ClCompile>
    <ClCompile Include="uuidManager.cpp">
      <Filter>Static\Source</Filter>
    </ClCompile>
    <ClCompile Include="PlayerSprite.cpp">
      <Filter>Sprites\Abstract\Source</Filter>
    </ClCompile>
    <ClCompile Include="Sprite.cpp">
      <Filter>Sprites\Abstract\Source</Filter>
    </ClCompile>
    <ClCompile Include="BattleSprite.cpp">
      <Filter>Sprites\Abstract\Source</Filter>
    </ClCompile>
    <ClCompile Include="AnimatedSprite.cpp">
      <Filter>Sprites\Abstract\Source</Filter>
    </ClCompile>
    <ClCompile Include="BattleChicken.cpp">
      <Filter>Sprites\Final\Source</Filter>
    </ClCompile>
    <ClCompile Include="Chicken.cpp">
      <Filter>Sprites\Final\Source</Filter>
    </ClCompile>
  </ItemGroup>
  <ItemGroup>
    <None Include="SDL2.dll">
      <Filter>Resource Files</Filter>
    </None>
    <None Include="glew32.dll">
      <Filter>Resource Files</Filter>
    </None>
    <None Include="glew32mx.dll">
      <Filter>Resource Files</Filter>
    </None>
    <None Include="TODO.txt" />
  </ItemGroup>
  <ItemGroup>
    <ClInclude Include="DrawUtils.h">
      <Filter>Header Files</Filter>
    </ClInclude>
    <ClInclude Include="Camera.h">
      <Filter>Header Files</Filter>
    </ClInclude>
    <ClInclude Include="TileLevel.h">
      <Filter>Header Files</Filter>
    </ClInclude>
    <ClInclude Include="AnimationData.h">
      <Filter>Header Files</Filter>
    </ClInclude>
    <ClInclude Include="Animation.h">
      <Filter>Header Files</Filter>
    </ClInclude>
    <ClInclude Include="AnimationFrame.h">
      <Filter>Header Files</Filter>
    </ClInclude>
    <ClInclude Include="AABB.h">
      <Filter>Header Files</Filter>
    </ClInclude>
    <ClInclude Include="Event.h">
      <Filter>Header Files</Filter>
    </ClInclude>
    <ClInclude Include="EventQueue.h">
      <Filter>Header Files</Filter>
    </ClInclude>
    <ClInclude Include="EventListener.h">
      <Filter>Header Files</Filter>
    </ClInclude>
    <ClInclude Include="Audio.h">
      <Filter>Header Files</Filter>
    </ClInclude>
    <ClInclude Include="main.h">
      <Filter>Header Files</Filter>
    </ClInclude>
    <ClInclude Include="Texture.h">
      <Filter>Header Files</Filter>
    </ClInclude>
    <ClInclude Include="Font.h">
      <Filter>Header Files</Filter>
    </ClInclude>
    <ClInclude Include="DialogManager.h">
      <Filter>Header Files</Filter>
    </ClInclude>
    <ClInclude Include="Menu.h">
      <Filter>Header Files</Filter>
    </ClInclude>
    <ClInclude Include="MapEventHandler.h">
      <Filter>Header Files</Filter>
    </ClInclude>
    <ClInclude Include="DialogContainer.h">
      <Filter>Header Files</Filter>
    </ClInclude>
    <ClInclude Include="battleManager.h">
      <Filter>Static\Headers</Filter>
    </ClInclude>
    <ClInclude Include="bucketManager.h">
      <Filter>Static\Headers</Filter>
    </ClInclude>
    <ClInclude Include="enemyManager.h">
      <Filter>Static\Headers</Filter>
    </ClInclude>
    <ClInclude Include="levelLoader.h">
      <Filter>Static\Headers</Filter>
    </ClInclude>
    <ClInclude Include="player.h">
      <Filter>Static\Headers</Filter>
    </ClInclude>
    <ClInclude Include="spriteManager.h">
      <Filter>Static\Headers</Filter>
    </ClInclude>
    <ClInclude Include="textureLoader.h">
      <Filter>Static\Headers</Filter>
    </ClInclude>
    <ClInclude Include="tileLoader.h">
      <Filter>Static\Headers</Filter>
    </ClInclude>
    <ClInclude Include="uuidManager.h">
      <Filter>Static\Headers</Filter>
    </ClInclude>
    <ClInclude Include="AnimatedSprite.h">
      <Filter>Sprites\Abstract\Headers</Filter>
    </ClInclude>
    <ClInclude Include="BattleSprite.h">
      <Filter>Sprites\Abstract\Headers</Filter>
    </ClInclude>
    <ClInclude Include="PlayerSprite.h">
      <Filter>Sprites\Abstract\Headers</Filter>
    </ClInclude>
    <ClInclude Include="Sprite.h">
      <Filter>Sprites\Abstract\Headers</Filter>
    </ClInclude>
    <ClInclude Include="BattleChicken.h">
      <Filter>Sprites\Final\Headers</Filter>
    </ClInclude>
    <ClInclude Include="Chicken.h">
      <Filter>Sprites\Final\Headers</Filter>
    </ClInclude>
  </ItemGroup>
</Project>